
Microsoft Visual Studio Solution File, Format Version 12.00
# Visual Studio Version 16
VisualStudioVersion = 16.0.30330.147
MinimumVisualStudioVersion = 10.0.40219.1
Project("{FAE04EC0-301F-11D3-BF4B-00C04F79EFBC}") = "ASPCourseRegistrationApp", "ASPCourseRegistrationApp.csproj", "{B0A2DD7C-58A4-42A0-A427-DFAA5294EA9B}"
EndProject
Global
	GlobalSection(SolutionConfigurationPlatforms) = preSolution
		Debug|Any CPU = Debug|Any CPU
		Release|Any CPU = Release|Any CPU
	EndGlobalSection
	GlobalSection(ProjectConfigurationPlatforms) = postSolution
		{B0A2DD7C-58A4-42A0-A427-DFAA5294EA9B}.Debug|Any CPU.ActiveCfg = Debug|Any CPU
		{B0A2DD7C-58A4-42A0-A427-DFAA5294EA9B}.Debug|Any CPU.Build.0 = Debug|Any CPU
		{B0A2DD7C-58A4-42A0-A427-DFAA5294EA9B}.Release|Any CPU.ActiveCfg = Release|Any CPU
		{B0A2DD7C-58A4-42A0-A427-DFAA5294EA9B}.Release|Any CPU.Build.0 = Release|Any CPU
	EndGlobalSection
	GlobalSection(SolutionProperties) = preSolution
		HideSolutionNode = FALSE
	EndGlobalSection
	GlobalSection(ExtensibilityGlobals) = postSolution
		SolutionGuid = {6119BF3C-DC5D-48C7-9374-B239BB7A1716}
	EndGlobalSection
EndGlobal
